
Microsoft Visual Studio Solution File, Format Version 12.00
# Visual Studio Version 17
VisualStudioVersion = 17.5.33627.172
MinimumVisualStudioVersion = 10.0.40219.1
Project("{9A19103F-16F7-4668-BE54-9A1E7A4F7556}") = "EcommerceApplicationAPI", "EcommerceApplicationAPI.csproj", "{0CAB6D5D-50F5-4945-8360-CA77F38D9EAB}"
EndProject
Project("{9A19103F-16F7-4668-BE54-9A1E7A4F7556}") = "EcommerceApplication.Services", "..\E-agriApplication.Services\EcommerceApplication.Services.csproj", "{205B8A9F-2550-41A5-8687-2520120F880B}"
EndProject
Project("{9A19103F-16F7-4668-BE54-9A1E7A4F7556}") = "EcommerceApplication.Repositories", "..\E-agriApplication.Repositories\EcommerceApplication.Repositories.csproj", "{122DF2D3-3464-451D-A4CF-0FDD37ACFD23}"
EndProject
Project("{9A19103F-16F7-4668-BE54-9A1E7A4F7556}") = "EcommerceApplication.Common", "..\E-agriApplication.Common\EcommerceApplication.Common.csproj", "{D402D056-D955-4796-9EA3-F1D990354AE6}"
EndProject
Project("{2150E333-8FDC-42A3-9474-1A3956D46DE8}") = "NunitTesting", "NunitTesting", "{318BD840-53BE-4726-AC18-D86C894361AC}"
EndProject
Project("{FAE04EC0-301F-11D3-BF4B-00C04F79EFBC}") = "NunitTestRepository", "..\NunitTestRepository\NunitTestRepository.csproj", "{A2D9FDEC-6630-4B16-8046-45765794A23C}"
EndProject
Global
	GlobalSection(SolutionConfigurationPlatforms) = preSolution
		Debug|Any CPU = Debug|Any CPU
		Release|Any CPU = Release|Any CPU
	EndGlobalSection
	GlobalSection(ProjectConfigurationPlatforms) = postSolution
		{0CAB6D5D-50F5-4945-8360-CA77F38D9EAB}.Debug|Any CPU.ActiveCfg = Debug|Any CPU
		{0CAB6D5D-50F5-4945-8360-CA77F38D9EAB}.Debug|Any CPU.Build.0 = Debug|Any CPU
		{0CAB6D5D-50F5-4945-8360-CA77F38D9EAB}.Release|Any CPU.ActiveCfg = Release|Any CPU
		{0CAB6D5D-50F5-4945-8360-CA77F38D9EAB}.Release|Any CPU.Build.0 = Release|Any CPU
		{205B8A9F-2550-41A5-8687-2520120F880B}.Debug|Any CPU.ActiveCfg = Debug|Any CPU
		{205B8A9F-2550-41A5-8687-2520120F880B}.Debug|Any CPU.Build.0 = Debug|Any CPU
		{205B8A9F-2550-41A5-8687-2520120F880B}.Release|Any CPU.ActiveCfg = Release|Any CPU
		{205B8A9F-2550-41A5-8687-2520120F880B}.Release|Any CPU.Build.0 = Release|Any CPU
		{122DF2D3-3464-451D-A4CF-0FDD37ACFD23}.Debug|Any CPU.ActiveCfg = Debug|Any CPU
		{122DF2D3-3464-451D-A4CF-0FDD37ACFD23}.Debug|Any CPU.Build.0 = Debug|Any CPU
		{122DF2D3-3464-451D-A4CF-0FDD37ACFD23}.Release|Any CPU.ActiveCfg = Release|Any CPU
		{122DF2D3-3464-451D-A4CF-0FDD37ACFD23}.Release|Any CPU.Build.0 = Release|Any CPU
		{D402D056-D955-4796-9EA3-F1D990354AE6}.Debug|Any CPU.ActiveCfg = Debug|Any CPU
		{D402D056-D955-4796-9EA3-F1D990354AE6}.Debug|Any CPU.Build.0 = Debug|Any CPU
		{D402D056-D955-4796-9EA3-F1D990354AE6}.Release|Any CPU.ActiveCfg = Release|Any CPU
		{D402D056-D955-4796-9EA3-F1D990354AE6}.Release|Any CPU.Build.0 = Release|Any CPU
		{A2D9FDEC-6630-4B16-8046-45765794A23C}.Debug|Any CPU.ActiveCfg = Debug|Any CPU
		{A2D9FDEC-6630-4B16-8046-45765794A23C}.Debug|Any CPU.Build.0 = Debug|Any CPU
		{A2D9FDEC-6630-4B16-8046-45765794A23C}.Release|Any CPU.ActiveCfg = Release|Any CPU
		{A2D9FDEC-6630-4B16-8046-45765794A23C}.Release|Any CPU.Build.0 = Release|Any CPU
	EndGlobalSection
	GlobalSection(SolutionProperties) = preSolution
		HideSolutionNode = FALSE
	EndGlobalSection
	GlobalSection(NestedProjects) = preSolution
		{A2D9FDEC-6630-4B16-8046-45765794A23C} = {318BD840-53BE-4726-AC18-D86C894361AC}
	EndGlobalSection
	GlobalSection(ExtensibilityGlobals) = postSolution
		SolutionGuid = {87B45BDB-64D5-4819-9684-6EE67BB0830B}
	EndGlobalSection
EndGlobal
